{
  "name": "student-management",
  "version": "0.1.0",
  "lockfileVersion": 3,
  "requires": true,
  "packages": {
    "": {
      "name": "student-management",
      "version": "0.1.0",
      "dependencies": {
        "yaml": "^2.5.1"
      },
      "devDependencies": {
        "pgsql-parser": "^17.0.0",
        "typescript": "^5.9.3"
      }
    },
    "node_modules/@pgsql/quotes": {
      "version": "17.1.0",
      "resolved": "https://registry.npmjs.org/@pgsql/quotes/-/quotes-17.1.0.tgz",
      "integrity": "sha512-J/H+LcrENBpYgL45WW6aTjb5Yk4tX4+AmB2/k8KZa+Zh3wiCtqmNIag+HZz5HmWaF6EZK9ZGC95NBD1fs+rUvg==",
      "dev": true,
      "license": "MIT"
    },
    "node_modules/@pgsql/types": {
      "version": "17.6.2",
      "resolved": "https://registry.npmjs.org/@pgsql/types/-/types-17.6.2.tgz",
      "integrity": "sha512-1UtbELdbqNdyOShhrVfSz3a1gDi0s9XXiQemx+6QqtsrXe62a6zOGU+vjb2GRfG5jeEokI1zBBcfD42enRv0Rw==",
      "dev": true,
      "license": "MIT"
    },
    "node_modules/libpg-query": {
      "version": "17.7.3",
      "resolved": "https://registry.npmjs.org/libpg-query/-/libpg-query-17.7.3.tgz",
      "integrity": "sha512-lHKBvoWRsXt/9bJxpAeFxkLu0CA6tELusqy3o1z6/DwGXSETxhKJDaNlNdrNV8msvXDLBhpg/4RE/fKKs5rYFA==",
      "dev": true,
      "license": "MIT",
      "dependencies": {
        "@pgsql/types": "^17.6.2"
      }
    },
    "node_modules/pgsql-deparser": {
      "version": "17.18.5",
      "resolved": "https://registry.npmjs.org/pgsql-deparser/-/pgsql-deparser-17.18.5.tgz",
      "integrity": "sha512-C23etz+aWjp5d09SQwrByisCIV0Zy1dPI0IdBPBaRiMRrDQ2MH8O9txvqpxPyWiXEGRU+MMvZqk48UHxWWbODg==",
      "dev": true,
      "license": "MIT",
      "dependencies": {
        "@pgsql/quotes": "17.1.0",
        "@pgsql/types": "^17.6.2"
      }
    },
    "node_modules/pgsql-parser": {
      "version": "17.9.17",
      "resolved": "https://registry.npmjs.org/pgsql-parser/-/pgsql-parser-17.9.17.tgz",
      "integrity": "sha512-xfKV3hAXtc5wGnsa9mq7ZLwBlFIZCWS17t+QGRm5H5Lj/BLNrI8j8nWFbSAOHemEgTrnav1pUmHP5hDVXf1EUA==",
      "dev": true,
      "license": "MIT",
      "dependencies": {
        "@pgsql/types": "^17.6.2",
        "libpg-query": "17.7.3",
        "pgsql-deparser": "17.18.5"
      }
    },
    "node_modules/typescript": {
      "version": "5.9.3",
      "resolved": "https://registry.npmjs.org/typescript/-/typescript-5.9.3.tgz",
      "integrity": "sha512-jl1vZzPDinLr9eUt3J/t7V6FgNEw9QjvBPdysz9KfQDD41fQrC2Y4vKQdiaUpFT4bXlb1RHhLpp8wtm6M5TgSw==",
      "dev": true,
      "license": "Apache-2.0",
      "bin": {
        "tsc": "bin/tsc",
        "tsserver": "bin/tsserver"
      },
      "engines": {
        "node": ">=14.17"
      }
    },
    "node_modules/yaml": {
      "version": "2.9.1",
      "resolved": "https://registry.npmjs.org/yaml/-/yaml-2.9.1.tgz",
      "integrity": "sha512-3NxN8+78OdzbT7C/WjGsyfPAtJaN3FNDsWxv7Y7mcDsT/oOmgW8BpyQQFFBnvZE3j9Y2Sdz1ULFLezL7Eb2yFw==",
      "license": "ISC",
      "bin": {
        "yaml": "bin.mjs"
      },
      "engines": {
        "node": ">= 14.6"
      },
      "funding": {
        "url": "https://github.com/sponsors/eemeli"
      }
    }
  }
}
